
Microsoft Visual Studio Solution File, Format Version 10.00
# Visual Studio 2008
Project("{FAE04EC0-301F-11D3-BF4B-00C04F79EFBC}") = "Spinach", "Spinach\Spinach.csproj", "{03B1135B-BE9B-4E10-8342-794BE7D75D01}"
EndProject
Global
	GlobalSection(SolutionConfigurationPlatforms) = preSolution
		Debug|Any CPU = Debug|Any CPU
		Release|Any CPU = Release|Any CPU
	EndGlobalSection
	GlobalSection(ProjectConfigurationPlatforms) = postSolution
		{03B1135B-BE9B-4E10-8342-794BE7D75D01}.Debug|Any CPU.ActiveCfg = Debug|Any CPU
		{03B1135B-BE9B-4E10-8342-794BE7D75D01}.Debug|Any CPU.Build.0 = Debug|Any CPU
		{03B1135B-BE9B-4E10-8342-794BE7D75D01}.Release|Any CPU.ActiveCfg = Release|Any CPU
		{03B1135B-BE9B-4E10-8342-794BE7D75D01}.Release|Any CPU.Build.0 = Release|Any CPU
	EndGlobalSection
	GlobalSection(SolutionProperties) = preSolution
		HideSolutionNode = FALSE
	EndGlobalSection
EndGlobal
