
Microsoft Visual Studio Solution File, Format Version 10.00
# Visual Studio 2008
Project("{FAE04EC0-301F-11D3-BF4B-00C04F79EFBC}") = "Interp_CSharp", "Interp_CSharp\Interp_CSharp.csproj", "{448CB956-2345-45AB-AF49-D71C0FA922C9}"
EndProject
Project("{2150E333-8FDC-42A3-9474-1A3956D46DE8}") = "Solution Items", "Solution Items", "{E3DD95C8-5049-427C-B310-98383625A492}"
	ProjectSection(SolutionItems) = preProject
		Interp_CSharp\Interp.g = Interp_CSharp\Interp.g
	EndProjectSection
EndProject
Global
	GlobalSection(SolutionConfigurationPlatforms) = preSolution
		Debug|Any CPU = Debug|Any CPU
		Release|Any CPU = Release|Any CPU
	EndGlobalSection
	GlobalSection(ProjectConfigurationPlatforms) = postSolution
		{448CB956-2345-45AB-AF49-D71C0FA922C9}.Debug|Any CPU.ActiveCfg = Debug|Any CPU
		{448CB956-2345-45AB-AF49-D71C0FA922C9}.Debug|Any CPU.Build.0 = Debug|Any CPU
		{448CB956-2345-45AB-AF49-D71C0FA922C9}.Release|Any CPU.ActiveCfg = Release|Any CPU
		{448CB956-2345-45AB-AF49-D71C0FA922C9}.Release|Any CPU.Build.0 = Release|Any CPU
	EndGlobalSection
	GlobalSection(SolutionProperties) = preSolution
		HideSolutionNode = FALSE
	EndGlobalSection
EndGlobal
