
Microsoft Visual Studio Solution File, Format Version 10.00
# Visual Studio 2008
Project("{FAE04EC0-301F-11D3-BF4B-00C04F79EFBC}") = "WCF_Peer_Comm", "WCF_Peer_Comm\WCF_Peer_Comm.csproj", "{080E7D0D-3C6C-414A-8B42-49C6B605DFE8}"
EndProject
Project("{FAE04EC0-301F-11D3-BF4B-00C04F79EFBC}") = "WPF_GUI", "WPF_GUI\WPF_GUI.csproj", "{AD6B00C3-080C-4F11-AA60-7F0E43CB6382}"
EndProject
Global
	GlobalSection(SolutionConfigurationPlatforms) = preSolution
		Debug|Any CPU = Debug|Any CPU
		Release|Any CPU = Release|Any CPU
	EndGlobalSection
	GlobalSection(ProjectConfigurationPlatforms) = postSolution
		{080E7D0D-3C6C-414A-8B42-49C6B605DFE8}.Debug|Any CPU.ActiveCfg = Debug|Any CPU
		{080E7D0D-3C6C-414A-8B42-49C6B605DFE8}.Debug|Any CPU.Build.0 = Debug|Any CPU
		{080E7D0D-3C6C-414A-8B42-49C6B605DFE8}.Release|Any CPU.ActiveCfg = Release|Any CPU
		{080E7D0D-3C6C-414A-8B42-49C6B605DFE8}.Release|Any CPU.Build.0 = Release|Any CPU
		{AD6B00C3-080C-4F11-AA60-7F0E43CB6382}.Debug|Any CPU.ActiveCfg = Debug|Any CPU
		{AD6B00C3-080C-4F11-AA60-7F0E43CB6382}.Debug|Any CPU.Build.0 = Debug|Any CPU
		{AD6B00C3-080C-4F11-AA60-7F0E43CB6382}.Release|Any CPU.ActiveCfg = Release|Any CPU
		{AD6B00C3-080C-4F11-AA60-7F0E43CB6382}.Release|Any CPU.Build.0 = Release|Any CPU
	EndGlobalSection
	GlobalSection(SolutionProperties) = preSolution
		HideSolutionNode = FALSE
	EndGlobalSection
EndGlobal
