
Microsoft Visual Studio Solution File, Format Version 10.00
# Visual Studio 2008
Project("{FAE04EC0-301F-11D3-BF4B-00C04F79EFBC}") = "PlotModule", "PlotModule\PlotModule.csproj", "{094E97B3-F902-491F-A5E1-564F0C8A12EB}"
EndProject
Global
	GlobalSection(SolutionConfigurationPlatforms) = preSolution
		Debug|Any CPU = Debug|Any CPU
		Release|Any CPU = Release|Any CPU
	EndGlobalSection
	GlobalSection(ProjectConfigurationPlatforms) = postSolution
		{094E97B3-F902-491F-A5E1-564F0C8A12EB}.Debug|Any CPU.ActiveCfg = Debug|Any CPU
		{094E97B3-F902-491F-A5E1-564F0C8A12EB}.Debug|Any CPU.Build.0 = Debug|Any CPU
		{094E97B3-F902-491F-A5E1-564F0C8A12EB}.Release|Any CPU.ActiveCfg = Release|Any CPU
		{094E97B3-F902-491F-A5E1-564F0C8A12EB}.Release|Any CPU.Build.0 = Release|Any CPU
	EndGlobalSection
	GlobalSection(SolutionProperties) = preSolution
		HideSolutionNode = FALSE
	EndGlobalSection
EndGlobal
